Microsoft Visual Studio Solution File, Format Version 12.00
# Visual Studio Version 17
VisualStudioVersion = 17.4.33205.214
MinimumVisualStudioVersion = 10.0.40219.1
Project("{FAE04EC0-301F-11D3-BF4B-00C04F79EFBC}") = "KodiPlaylistEditorIPTV", "KodiPlaylistEditorIPTV\KodiPlaylistEditorIPTV.csproj", "{8563684F-6C0A-4357-AFED-CA569E67F906}"
EndProject
Project("{54435603-DBB4-11D2-8724-00A0C9A8B90C}") = "PlaylistEditorTVSetup", "PlaylistEditorTVSetup\PlaylistEditorTVSetup.vdproj", "{D0363779-E46C-4E34-9B9C-43F7B4CAAAE3}"
EndProject
Global
	GlobalSection(SolutionConfigurationPlatforms) = preSolution
		Debug|Any CPU = Debug|Any CPU
		Release|Any CPU = Release|Any CPU
	EndGlobalSection
	GlobalSection(ProjectConfigurationPlatforms) = postSolution
		{8563684F-6C0A-4357-AFED-CA569E67F906}.Debug|Any CPU.ActiveCfg = Debug|Any CPU
		{8563684F-6C0A-4357-AFED-CA569E67F906}.Debug|Any CPU.Build.0 = Debug|Any CPU
		{8563684F-6C0A-4357-AFED-CA569E67F906}.Release|Any CPU.ActiveCfg = Release|Any CPU
		{8563684F-6C0A-4357-AFED-CA569E67F906}.Release|Any CPU.Build.0 = Release|Any CPU
		{D0363779-E46C-4E34-9B9C-43F7B4CAAAE3}.Debug|Any CPU.ActiveCfg = Debug
		{D0363779-E46C-4E34-9B9C-43F7B4CAAAE3}.Release|Any CPU.ActiveCfg = Release
	EndGlobalSection
	GlobalSection(SolutionProperties) = preSolution
		HideSolutionNode = FALSE
	EndGlobalSection
	GlobalSection(ExtensibilityGlobals) = postSolution
		SolutionGuid = {5EBC4330-8138-47AC-810F-8E2891D66F9C}
	EndGlobalSection
EndGlobal
